// !$*UTF8*$!
{
	archiveVersion = 1;
	classes = {
	};
	objectVersion = 46;
	objects = {

/* Begin PBXBuildFile section */
		BD10C6571E02809000684E25 /* main.m in Sources */ = {isa = PBXBuildFile; fileRef = BD10C6561E02809000684E25 /* main.m */; };
		BD10C65A1E02809000684E25 /* AppDelegate.m in Sources */ = {isa = PBXBuildFile; fileRef = BD10C6591E02809000684E25 /* AppDelegate.m */; };
		BD10C6621E02809000684E25 /* Assets.xcassets in Resources */ = {isa = PBXBuildFile; fileRef = BD10C6611E02809000684E25 /* Assets.xcassets */; };
		BD10C6651E02809100684E25 /* LaunchScreen.storyboard in Resources */ = {isa = PBXBuildFile; fileRef = BD10C6631E02809100684E25 /* LaunchScreen.storyboard */; };
		BD10C6701E02809100684E25 /* YZXPieGraphViewTests.m in Sources */ = {isa = PBXBuildFile; fileRef = BD10C66F1E02809100684E25 /* YZXPieGraphViewTests.m */; };
		BD10C67B1E02809100684E25 /* YZXPieGraphViewUITests.m in Sources */ = {isa = PBXBuildFile; fileRef = BD10C67A1E02809100684E25 /* YZXPieGraphViewUITests.m */; };
		BD10C68D1E0284A200684E25 /* ShowViewController.m in Sources */ = {isa = PBXBuildFile; fileRef = BD10C68C1E0284A200684E25 /* ShowViewController.m */; };
		BD2859C11E0CFDC2002169E0 /* YZXPieGraphView.m in Sources */ = {isa = PBXBuildFile; fileRef = BD2859C01E0CFDC2002169E0 /* YZXPieGraphView.m */; };
		BD5817D51E037F2E00B91776 /* ViewController.m in Sources */ = {isa = PBXBuildFile; fileRef = BD5817D41E037F2E00B91776 /* ViewController.m */; };
		BD5817D81E037FF400B91776 /* ShowTableViewCell.m in Sources */ = {isa = PBXBuildFile; fileRef = BD5817D71E037FF400B91776 /* ShowTableViewCell.m */; };
		BD5817DA1E037FFC00B91776 /* ShowTableViewCell.xib in Resources */ = {isa = PBXBuildFile; fileRef = BD5817D91E037FFC00B91776 /* ShowTableViewCell.xib */; };
		BD5819FC1E03844100B91776 /* IQNSArray+Sort.m in Sources */ = {isa = PBXBuildFile; fileRef = BD5819DA1E03844100B91776 /* IQNSArray+Sort.m */; };
		BD5819FD1E03844100B91776 /* IQUIScrollView+Additions.m in Sources */ = {isa = PBXBuildFile; fileRef = BD5819DC1E03844100B91776 /* IQUIScrollView+Additions.m */; };
		BD5819FE1E03844100B91776 /* IQUITextFieldView+Additions.m in Sources */ = {isa = PBXBuildFile; fileRef = BD5819DE1E03844100B91776 /* IQUITextFieldView+Additions.m */; };
		BD5819FF1E03844100B91776 /* IQUIView+Hierarchy.m in Sources */ = {isa = PBXBuildFile; fileRef = BD5819E01E03844100B91776 /* IQUIView+Hierarchy.m */; };
		BD581A001E03844100B91776 /* IQUIViewController+Additions.m in Sources */ = {isa = PBXBuildFile; fileRef = BD5819E21E03844100B91776 /* IQUIViewController+Additions.m */; };
		BD581A011E03844100B91776 /* IQUIWindow+Hierarchy.m in Sources */ = {isa = PBXBuildFile; fileRef = BD5819E41E03844100B91776 /* IQUIWindow+Hierarchy.m */; };
		BD581A021E03844100B91776 /* IQKeyboardManager.m in Sources */ = {isa = PBXBuildFile; fileRef = BD5819E91E03844100B91776 /* IQKeyboardManager.m */; };
		BD581A031E03844100B91776 /* IQKeyboardReturnKeyHandler.m in Sources */ = {isa = PBXBuildFile; fileRef = BD5819EB1E03844100B91776 /* IQKeyboardReturnKeyHandler.m */; };
		BD581A041E03844100B91776 /* IQTextView.m in Sources */ = {isa = PBXBuildFile; fileRef = BD5819EE1E03844100B91776 /* IQTextView.m */; };
		BD581A051E03844100B91776 /* IQBarButtonItem.m in Sources */ = {isa = PBXBuildFile; fileRef = BD5819F11E03844100B91776 /* IQBarButtonItem.m */; };
		BD581A061E03844100B91776 /* IQPreviousNextView.m in Sources */ = {isa = PBXBuildFile; fileRef = BD5819F31E03844100B91776 /* IQPreviousNextView.m */; };
		BD581A071E03844100B91776 /* IQTitleBarButtonItem.m in Sources */ = {isa = PBXBuildFile; fileRef = BD5819F51E03844100B91776 /* IQTitleBarButtonItem.m */; };
		BD581A081E03844100B91776 /* IQToolbar.m in Sources */ = {isa = PBXBuildFile; fileRef = BD5819F71E03844100B91776 /* IQToolbar.m */; };
		BD581A091E03844100B91776 /* IQUIView+IQKeyboardToolbar.m in Sources */ = {isa = PBXBuildFile; fileRef = BD5819F91E03844100B91776 /* IQUIView+IQKeyboardToolbar.m */; };
		BD581A0A1E03844100B91776 /* IQKeyboardManager.bundle in Resources */ = {isa = PBXBuildFile; fileRef = BD5819FB1E03844100B91776 /* IQKeyboardManager.bundle */; };
		BD581A0E1E03C1BC00B91776 /* DataModel.m in Sources */ = {isa = PBXBuildFile; fileRef = BD581A0D1E03C1BC00B91776 /* DataModel.m */; };
		BD581A251E03C27600B91776 /* MJExtensionConst.m in Sources */ = {isa = PBXBuildFile; fileRef = BD581A121E03C27600B91776 /* MJExtensionConst.m */; };
		BD581A261E03C27600B91776 /* MJFoundation.m in Sources */ = {isa = PBXBuildFile; fileRef = BD581A141E03C27600B91776 /* MJFoundation.m */; };
		BD581A271E03C27600B91776 /* MJProperty.m in Sources */ = {isa = PBXBuildFile; fileRef = BD581A161E03C27600B91776 /* MJProperty.m */; };
		BD581A281E03C27600B91776 /* MJPropertyKey.m in Sources */ = {isa = PBXBuildFile; fileRef = BD581A181E03C27600B91776 /* MJPropertyKey.m */; };
		BD581A291E03C27600B91776 /* MJPropertyType.m in Sources */ = {isa = PBXBuildFile; fileRef = BD581A1A1E03C27600B91776 /* MJPropertyType.m */; };
		BD581A2A1E03C27600B91776 /* NSObject+MJClass.m in Sources */ = {isa = PBXBuildFile; fileRef = BD581A1C1E03C27600B91776 /* NSObject+MJClass.m */; };
		BD581A2B1E03C27600B91776 /* NSObject+MJCoding.m in Sources */ = {isa = PBXBuildFile; fileRef = BD581A1E1E03C27600B91776 /* NSObject+MJCoding.m */; };
		BD581A2C1E03C27600B91776 /* NSObject+MJKeyValue.m in Sources */ = {isa = PBXBuildFile; fileRef = BD581A201E03C27600B91776 /* NSObject+MJKeyValue.m */; };
		BD581A2D1E03C27600B91776 /* NSObject+MJProperty.m in Sources */ = {isa = PBXBuildFile; fileRef = BD581A221E03C27600B91776 /* NSObject+MJProperty.m */; };
		BD581A2E1E03C27600B91776 /* NSString+MJExtension.m in Sources */ = {isa = PBXBuildFile; fileRef = BD581A241E03C27600B91776 /* NSString+MJExtension.m */; };
		BDF9B7B81E14E151005FD6B4 /* ViewController.xib in Resources */ = {isa = PBXBuildFile; fileRef = BDF9B7B71E14E151005FD6B4 /* ViewController.xib */; };
/* End PBXBuildFile section */

/* Begin PBXContainerItemProxy section */
		BD10C66C1E02809100684E25 /* PBXContainerItemProxy */ = {
			isa = PBXContainerItemProxy;
			containerPortal = BD10C64A1E02809000684E25 /* Project object */;
			proxyType = 1;
			remoteGlobalIDString = BD10C6511E02809000684E25;
			remoteInfo = YZXPieGraphView;
		};
		BD10C6771E02809100684E25 /* PBXContainerItemProxy */ = {
			isa = PBXContainerItemProxy;
			containerPortal = BD10C64A1E02809000684E25 /* Project object */;
			proxyType = 1;
			remoteGlobalIDString = BD10C6511E02809000684E25;
			remoteInfo = YZXPieGraphView;
		};
/* End PBXContainerItemProxy section */

/* Begin PBXFileReference section */
		BD10C6521E02809000684E25 /* YZXPieGraphView.app */ = {isa = PBXFileReference; explicitFileType = wrapper.application; includeInIndex = 0; path = YZXPieGraphView.app; sourceTree = BUILT_PRODUCTS_DIR; };
		BD10C6561E02809000684E25 /* main.m */ = {isa = PBXFileReference; lastKnownFileType = sourcecode.c.objc; path = main.m; sourceTree = "<group>"; };
		BD10C6581E02809000684E25 /* AppDelegate.h */ = {isa = PBXFileReference; lastKnownFileType = sourcecode.c.h; path = AppDelegate.h; sourceTree = "<group>"; };
		BD10C6591E02809000684E25 /* AppDelegate.m */ = {isa = PBXFileReference; lastKnownFileType = sourcecode.c.objc; path = AppDelegate.m; sourceTree = "<group>"; };
		BD10C6611E02809000684E25 /* Assets.xcassets */ = {isa = PBXFileReference; lastKnownFileType = folder.assetcatalog; path = Assets.xcassets; sourceTree = "<group>"; };
		BD10C6641E02809100684E25 /* Base */ = {isa = PBXFileReference; lastKnownFileType = file.storyboard; name = Base; path = Base.lproj/LaunchScreen.storyboard; sourceTree = "<group>"; };
		BD10C6661E02809100684E25 /* Info.plist */ = {isa = PBXFileReference; lastKnownFileType = text.plist.xml; path = Info.plist; sourceTree = "<group>"; };
		BD10C66B1E02809100684E25 /* YZXPieGraphViewTests.xctest */ = {isa = PBXFileReference; explicitFileType = wrapper.cfbundle; includeInIndex = 0; path = YZXPieGraphViewTests.xctest; sourceTree = BUILT_PRODUCTS_DIR; };
		BD10C66F1E02809100684E25 /* YZXPieGraphViewTests.m */ = {isa = PBXFileReference; lastKnownFileType = sourcecode.c.objc; path = YZXPieGraphViewTests.m; sourceTree = "<group>"; };
		BD10C6711E02809100684E25 /* Info.plist */ = {isa = PBXFileReference; lastKnownFileType = text.plist.xml; path = Info.plist; sourceTree = "<group>"; };
		BD10C6761E02809100684E25 /* YZXPieGraphViewUITests.xctest */ = {isa = PBXFileReference; explicitFileType = wrapper.cfbundle; includeInIndex = 0; path = YZXPieGraphViewUITests.xctest; sourceTree = BUILT_PRODUCTS_DIR; };
		BD10C67A1E02809100684E25 /* YZXPieGraphViewUITests.m */ = {isa = PBXFileReference; lastKnownFileType = sourcecode.c.objc; path = YZXPieGraphViewUITests.m; sourceTree = "<group>"; };
		BD10C67C1E02809100684E25 /* Info.plist */ = {isa = PBXFileReference; lastKnownFileType = text.plist.xml; path = Info.plist; sourceTree = "<group>"; };
		BD10C68B1E0284A200684E25 /* ShowViewController.h */ = {isa = PBXFileReference; fileEncoding = 4; lastKnownFileType = sourcecode.c.h; path = ShowViewController.h; sourceTree = "<group>"; };
		BD10C68C1E0284A200684E25 /* ShowViewController.m */ = {isa = PBXFileReference; fileEncoding = 4; lastKnownFileType = sourcecode.c.objc; path = ShowViewController.m; sourceTree = "<group>"; };
		BD2859BF1E0CFDC2002169E0 /* YZXPieGraphView.h */ = {isa = PBXFileReference; fileEncoding = 4; lastKnownFileType = sourcecode.c.h; path = YZXPieGraphView.h; sourceTree = "<group>"; };
		BD2859C01E0CFDC2002169E0 /* YZXPieGraphView.m */ = {isa = PBXFileReference; fileEncoding = 4; lastKnownFileType = sourcecode.c.objc; path = YZXPieGraphView.m; sourceTree = "<group>"; };
		BD5817D31E037F2E00B91776 /* ViewController.h */ = {isa = PBXFileReference; fileEncoding = 4; lastKnownFileType = sourcecode.c.h; path = ViewController.h; sourceTree = "<group>"; };
		BD5817D41E037F2E00B91776 /* ViewController.m */ = {isa = PBXFileReference; fileEncoding = 4; lastKnownFileType = sourcecode.c.objc; path = ViewController.m; sourceTree = "<group>"; };
		BD5817D61E037FF400B91776 /* ShowTableViewCell.h */ = {isa = PBXFileReference; fileEncoding = 4; lastKnownFileType = sourcecode.c.h; path = ShowTableViewCell.h; sourceTree = "<group>"; };
		BD5817D71E037FF400B91776 /* ShowTableViewCell.m */ = {isa = PBXFileReference; fileEncoding = 4; lastKnownFileType = sourcecode.c.objc; path = ShowTableViewCell.m; sourceTree = "<group>"; };
		BD5817D91E037FFC00B91776 /* ShowTableViewCell.xib */ = {isa = PBXFileReference; fileEncoding = 4; lastKnownFileType = file.xib; path = ShowTableViewCell.xib; sourceTree = "<group>"; };
		BD5819D91E03844100B91776 /* IQNSArray+Sort.h */ = {isa = PBXFileReference; fileEncoding = 4; lastKnownFileType = sourcecode.c.h; path = "IQNSArray+Sort.h"; sourceTree = "<group>"; };
		BD5819DA1E03844100B91776 /* IQNSArray+Sort.m */ = {isa = PBXFileReference; fileEncoding = 4; lastKnownFileType = sourcecode.c.objc; path = "IQNSArray+Sort.m"; sourceTree = "<group>"; };
		BD5819DB1E03844100B91776 /* IQUIScrollView+Additions.h */ = {isa = PBXFileReference; fileEncoding = 4; lastKnownFileType = sourcecode.c.h; path = "IQUIScrollView+Additions.h"; sourceTree = "<group>"; };
		BD5819DC1E03844100B91776 /* IQUIScrollView+Additions.m */ = {isa = PBXFileReference; fileEncoding = 4; lastKnownFileType = sourcecode.c.objc; path = "IQUIScrollView+Additions.m"; sourceTree = "<group>"; };
		BD5819DD1E03844100B91776 /* IQUITextFieldView+Additions.h */ = {isa = PBXFileReference; fileEncoding = 4; lastKnownFileType = sourcecode.c.h; path = "IQUITextFieldView+Additions.h"; sourceTree = "<group>"; };
		BD5819DE1E03844100B91776 /* IQUITextFieldView+Additions.m */ = {isa = PBXFileReference; fileEncoding = 4; lastKnownFileType = sourcecode.c.objc; path = "IQUITextFieldView+Additions.m"; sourceTree = "<group>"; };
		BD5819DF1E03844100B91776 /* IQUIView+Hierarchy.h */ = {isa = PBXFileReference; fileEncoding = 4; lastKnownFileType = sourcecode.c.h; path = "IQUIView+Hierarchy.h"; sourceTree = "<group>"; };
		BD5819E01E03844100B91776 /* IQUIView+Hierarchy.m */ = {isa = PBXFileReference; fileEncoding = 4; lastKnownFileType = sourcecode.c.objc; path = "IQUIView+Hierarchy.m"; sourceTree = "<group>"; };
		BD5819E11E03844100B91776 /* IQUIViewController+Additions.h */ = {isa = PBXFileReference; fileEncoding = 4; lastKnownFileType = sourcecode.c.h; path = "IQUIViewController+Additions.h"; sourceTree = "<group>"; };
		BD5819E21E03844100B91776 /* IQUIViewController+Additions.m */ = {isa = PBXFileReference; fileEncoding = 4; lastKnownFileType = sourcecode.c.objc; path = "IQUIViewController+Additions.m"; sourceTree = "<group>"; };
		BD5819E31E03844100B91776 /* IQUIWindow+Hierarchy.h */ = {isa = PBXFileReference; fileEncoding = 4; lastKnownFileType = sourcecode.c.h; path = "IQUIWindow+Hierarchy.h"; sourceTree = "<group>"; };
		BD5819E41E03844100B91776 /* IQUIWindow+Hierarchy.m */ = {isa = PBXFileReference; fileEncoding = 4; lastKnownFileType = sourcecode.c.objc; path = "IQUIWindow+Hierarchy.m"; sourceTree = "<group>"; };
		BD5819E61E03844100B91776 /* IQKeyboardManagerConstants.h */ = {isa = PBXFileReference; fileEncoding = 4; lastKnownFileType = sourcecode.c.h; path = IQKeyboardManagerConstants.h; sourceTree = "<group>"; };
		BD5819E71E03844100B91776 /* IQKeyboardManagerConstantsInternal.h */ = {isa = PBXFileReference; fileEncoding = 4; lastKnownFileType = sourcecode.c.h; path = IQKeyboardManagerConstantsInternal.h; sourceTree = "<group>"; };
		BD5819E81E03844100B91776 /* IQKeyboardManager.h */ = {isa = PBXFileReference; fileEncoding = 4; lastKnownFileType = sourcecode.c.h; path = IQKeyboardManager.h; sourceTree = "<group>"; };
		BD5819E91E03844100B91776 /* IQKeyboardManager.m */ = {isa = PBXFileReference; fileEncoding = 4; lastKnownFileType = sourcecode.c.objc; path = IQKeyboardManager.m; sourceTree = "<group>"; };
		BD5819EA1E03844100B91776 /* IQKeyboardReturnKeyHandler.h */ = {isa = PBXFileReference; fileEncoding = 4; lastKnownFileType = sourcecode.c.h; path = IQKeyboardReturnKeyHandler.h; sourceTree = "<group>"; };
		BD5819EB1E03844100B91776 /* IQKeyboardReturnKeyHandler.m */ = {isa = PBXFileReference; fileEncoding = 4; lastKnownFileType = sourcecode.c.objc; path = IQKeyboardReturnKeyHandler.m; sourceTree = "<group>"; };
		BD5819ED1E03844100B91776 /* IQTextView.h */ = {isa = PBXFileReference; fileEncoding = 4; lastKnownFileType = sourcecode.c.h; path = IQTextView.h; sourceTree = "<group>"; };
		BD5819EE1E03844100B91776 /* IQTextView.m */ = {isa = PBXFileReference; fileEncoding = 4; lastKnownFileType = sourcecode.c.objc; path = IQTextView.m; sourceTree = "<group>"; };
		BD5819F01E03844100B91776 /* IQBarButtonItem.h */ = {isa = PBXFileReference; fileEncoding = 4; lastKnownFileType = sourcecode.c.h; path = IQBarButtonItem.h; sourceTree = "<group>"; };
		BD5819F11E03844100B91776 /* IQBarButtonItem.m */ = {isa = PBXFileReference; fileEncoding = 4; lastKnownFileType = sourcecode.c.objc; path = IQBarButtonItem.m; sourceTree = "<group>"; };
		BD5819F21E03844100B91776 /* IQPreviousNextView.h */ = {isa = PBXFileReference; fileEncoding = 4; lastKnownFileType = sourcecode.c.h; path = IQPreviousNextView.h; sourceTree = "<group>"; };
		BD5819F31E03844100B91776 /* IQPreviousNextView.m */ = {isa = PBXFileReference; fileEncoding = 4; lastKnownFileType = sourcecode.c.objc; path = IQPreviousNextView.m; sourceTree = "<group>"; };
		BD5819F41E03844100B91776 /* IQTitleBarButtonItem.h */ = {isa = PBXFileReference; fileEncoding = 4; lastKnownFileType = sourcecode.c.h; path = IQTitleBarButtonItem.h; sourceTree = "<group>"; };
		BD5819F51E03844100B91776 /* IQTitleBarButtonItem.m */ = {isa = PBXFileReference; fileEncoding = 4; lastKnownFileType = sourcecode.c.objc; path = IQTitleBarButtonItem.m; sourceTree = "<group>"; };
		BD5819F61E03844100B91776 /* IQToolbar.h */ = {isa = PBXFileReference; fileEncoding = 4; lastKnownFileType = sourcecode.c.h; path = IQToolbar.h; sourceTree = "<group>"; };
		BD5819F71E03844100B91776 /* IQToolbar.m */ = {isa = PBXFileReference; fileEncoding = 4; lastKnownFileType = sourcecode.c.objc; path = IQToolbar.m; sourceTree = "<group>"; };
		BD5819F81E03844100B91776 /* IQUIView+IQKeyboardToolbar.h */ = {isa = PBXFileReference; fileEncoding = 4; lastKnownFileType = sourcecode.c.h; path = "IQUIView+IQKeyboardToolbar.h"; sourceTree = "<group>"; };
		BD5819F91E03844100B91776 /* IQUIView+IQKeyboardToolbar.m */ = {isa = PBXFileReference; fileEncoding = 4; lastKnownFileType = sourcecode.c.objc; path = "IQUIView+IQKeyboardToolbar.m"; sourceTree = "<group>"; };
		BD5819FB1E03844100B91776 /* IQKeyboardManager.bundle */ = {isa = PBXFileReference; lastKnownFileType = "wrapper.plug-in"; path = IQKeyboardManager.bundle; sourceTree = "<group>"; };
		BD581A0B1E03891A00B91776 /* Header.h */ = {isa = PBXFileReference; lastKnownFileType = sourcecode.c.h; path = Header.h; sourceTree = "<group>"; };
		BD581A0C1E03C1BC00B91776 /* DataModel.h */ = {isa = PBXFileReference; fileEncoding = 4; lastKnownFileType = sourcecode.c.h; path = DataModel.h; sourceTree = "<group>"; };
		BD581A0D1E03C1BC00B91776 /* DataModel.m */ = {isa = PBXFileReference; fileEncoding = 4; lastKnownFileType = sourcecode.c.objc; path = DataModel.m; sourceTree = "<group>"; };
		BD581A101E03C27600B91776 /* MJExtension.h */ = {isa = PBXFileReference; fileEncoding = 4; lastKnownFileType = sourcecode.c.h; path = MJExtension.h; sourceTree = "<group>"; };
		BD581A111E03C27600B91776 /* MJExtensionConst.h */ = {isa = PBXFileReference; fileEncoding = 4; lastKnownFileType = sourcecode.c.h; path = MJExtensionConst.h; sourceTree = "<group>"; };
		BD581A121E03C27600B91776 /* MJExtensionConst.m */ = {isa = PBXFileReference; fileEncoding = 4; lastKnownFileType = sourcecode.c.objc; path = MJExtensionConst.m; sourceTree = "<group>"; };
		BD581A131E03C27600B91776 /* MJFoundation.h */ = {isa = PBXFileReference; fileEncoding = 4; lastKnownFileType = sourcecode.c.h; path = MJFoundation.h; sourceTree = "<group>"; };
		BD581A141E03C27600B91776 /* MJFoundation.m */ = {isa = PBXFileReference; fileEncoding = 4; lastKnownFileType = sourcecode.c.objc; path = MJFoundation.m; sourceTree = "<group>"; };
		BD581A151E03C27600B91776 /* MJProperty.h */ = {isa = PBXFileReference; fileEncoding = 4; lastKnownFileType = sourcecode.c.h; path = MJProperty.h; sourceTree = "<group>"; };
		BD581A161E03C27600B91776 /* MJProperty.m */ = {isa = PBXFileReference; fileEncoding = 4; lastKnownFileType = sourcecode.c.objc; path = MJProperty.m; sourceTree = "<group>"; };
		BD581A171E03C27600B91776 /* MJPropertyKey.h */ = {isa = PBXFileReference; fileEncoding = 4; lastKnownFileType = sourcecode.c.h; path = MJPropertyKey.h; sourceTree = "<group>"; };
		BD581A181E03C27600B91776 /* MJPropertyKey.m */ = {isa = PBXFileReference; fileEncoding = 4; lastKnownFileType = sourcecode.c.objc; path = MJPropertyKey.m; sourceTree = "<group>"; };
		BD581A191E03C27600B91776 /* MJPropertyType.h */ = {isa = PBXFileReference; fileEncoding = 4; lastKnownFileType = sourcecode.c.h; path = MJPropertyType.h; sourceTree = "<group>"; };
		BD581A1A1E03C27600B91776 /* MJPropertyType.m */ = {isa = PBXFileReference; fileEncoding = 4; lastKnownFileType = sourcecode.c.objc; path = MJPropertyType.m; sourceTree = "<group>"; };
		BD581A1B1E03C27600B91776 /* NSObject+MJClass.h */ = {isa = PBXFileReference; fileEncoding = 4; lastKnownFileType = sourcecode.c.h; path = "NSObject+MJClass.h"; sourceTree = "<group>"; };
		BD581A1C1E03C27600B91776 /* NSObject+MJClass.m */ = {isa = PBXFileReference; fileEncoding = 4; lastKnownFileType = sourcecode.c.objc; path = "NSObject+MJClass.m"; sourceTree = "<group>"; };
		BD581A1D1E03C27600B91776 /* NSObject+MJCoding.h */ = {isa = PBXFileReference; fileEncoding = 4; lastKnownFileType = sourcecode.c.h; path = "NSObject+MJCoding.h"; sourceTree = "<group>"; };
		BD581A1E1E03C27600B91776 /* NSObject+MJCoding.m */ = {isa = PBXFileReference; fileEncoding = 4; lastKnownFileType = sourcecode.c.objc; path = "NSObject+MJCoding.m"; sourceTree = "<group>"; };
		BD581A1F1E03C27600B91776 /* NSObject+MJKeyValue.h */ = {isa = PBXFileReference; fileEncoding = 4; lastKnownFileType = sourcecode.c.h; path = "NSObject+MJKeyValue.h"; sourceTree = "<group>"; };
		BD581A201E03C27600B91776 /* NSObject+MJKeyValue.m */ = {isa = PBXFileReference; fileEncoding = 4; lastKnownFileType = sourcecode.c.objc; path = "NSObject+MJKeyValue.m"; sourceTree = "<group>"; };
		BD581A211E03C27600B91776 /* NSObject+MJProperty.h */ = {isa = PBXFileReference; fileEncoding = 4; lastKnownFileType = sourcecode.c.h; path = "NSObject+MJProperty.h"; sourceTree = "<group>"; };
		BD581A221E03C27600B91776 /* NSObject+MJProperty.m */ = {isa = PBXFileReference; fileEncoding = 4; lastKnownFileType = sourcecode.c.objc; path = "NSObject+MJProperty.m"; sourceTree = "<group>"; };
		BD581A231E03C27600B91776 /* NSString+MJExtension.h */ = {isa = PBXFileReference; fileEncoding = 4; lastKnownFileType = sourcecode.c.h; path = "NSString+MJExtension.h"; sourceTree = "<group>"; };
		BD581A241E03C27600B91776 /* NSString+MJExtension.m */ = {isa = PBXFileReference; fileEncoding = 4; lastKnownFileType = sourcecode.c.objc; path = "NSString+MJExtension.m"; sourceTree = "<group>"; };
		BDF9B7B71E14E151005FD6B4 /* ViewController.xib */ = {isa = PBXFileReference; fileEncoding = 4; lastKnownFileType = file.xib; path = ViewController.xib; sourceTree = "<group>"; };
/* End PBXFileReference section */

/* Begin PBXFrameworksBuildPhase section */
		BD10C64F1E02809000684E25 /* Frameworks */ = {
			isa = PBXFrameworksBuildPhase;
			buildActionMask = 2147483647;
			files = (
			);
			runOnlyForDeploymentPostprocessing = 0;
		};
		BD10C6681E02809100684E25 /* Frameworks */ = {
			isa = PBXFrameworksBuildPhase;
			buildActionMask = 2147483647;
			files = (
			);
			runOnlyForDeploymentPostprocessing = 0;
		};
		BD10C6731E02809100684E25 /* Frameworks */ = {
			isa = PBXFrameworksBuildPhase;
			buildActionMask = 2147483647;
			files = (
			);
			runOnlyForDeploymentPostprocessing = 0;
		};
/* End PBXFrameworksBuildPhase section */

/* Begin PBXGroup section */
		BD10C6491E02809000684E25 = {
			isa = PBXGroup;
			children = (
				BD10C6541E02809000684E25 /* YZXPieGraphView */,
				BD10C66E1E02809100684E25 /* YZXPieGraphViewTests */,
				BD10C6791E02809100684E25 /* YZXPieGraphViewUITests */,
				BD10C6531E02809000684E25 /* Products */,
			);
			sourceTree = "<group>";
		};
		BD10C6531E02809000684E25 /* Products */ = {
			isa = PBXGroup;
			children = (
				BD10C6521E02809000684E25 /* YZXPieGraphView.app */,
				BD10C66B1E02809100684E25 /* YZXPieGraphViewTests.xctest */,
				BD10C6761E02809100684E25 /* YZXPieGraphViewUITests.xctest */,
			);
			name = Products;
			sourceTree = "<group>";
		};
		BD10C6541E02809000684E25 /* YZXPieGraphView */ = {
			isa = PBXGroup;
			children = (
				BD581A0B1E03891A00B91776 /* Header.h */,
				BD581A0F1E03C27500B91776 /* MJExtension */,
				BD5819D71E03844100B91776 /* IQKeyboardManager */,
				BD10C6581E02809000684E25 /* AppDelegate.h */,
				BD10C6591E02809000684E25 /* AppDelegate.m */,
				BD5817D31E037F2E00B91776 /* ViewController.h */,
				BD5817D41E037F2E00B91776 /* ViewController.m */,
				BDF9B7B71E14E151005FD6B4 /* ViewController.xib */,
				BD10C68B1E0284A200684E25 /* ShowViewController.h */,
				BD10C68C1E0284A200684E25 /* ShowViewController.m */,
				BD5817D61E037FF400B91776 /* ShowTableViewCell.h */,
				BD5817D71E037FF400B91776 /* ShowTableViewCell.m */,
				BD581A0C1E03C1BC00B91776 /* DataModel.h */,
				BD581A0D1E03C1BC00B91776 /* DataModel.m */,
				BD2859BE1E0CFDC2002169E0 /* YZXPieGraphView */,
				BD5817D91E037FFC00B91776 /* ShowTableViewCell.xib */,
				BD10C6611E02809000684E25 /* Assets.xcassets */,
				BD10C6631E02809100684E25 /* LaunchScreen.storyboard */,
				BD10C6661E02809100684E25 /* Info.plist */,
				BD10C6551E02809000684E25 /* Supporting Files */,
			);
			path = YZXPieGraphView;
			sourceTree = "<group>";
		};
		BD10C6551E02809000684E25 /* Supporting Files */ = {
			isa = PBXGroup;
			children = (
				BD10C6561E02809000684E25 /* main.m */,
			);
			name = "Supporting Files";
			sourceTree = "<group>";
		};
		BD10C66E1E02809100684E25 /* YZXPieGraphViewTests */ = {
			isa = PBXGroup;
			children = (
				BD10C66F1E02809100684E25 /* YZXPieGraphViewTests.m */,
				BD10C6711E02809100684E25 /* Info.plist */,
			);
			path = YZXPieGraphViewTests;
			sourceTree = "<group>";
		};
		BD10C6791E02809100684E25 /* YZXPieGraphViewUITests */ = {
			isa = PBXGroup;
			children = (
				BD10C67A1E02809100684E25 /* YZXPieGraphViewUITests.m */,
				BD10C67C1E02809100684E25 /* Info.plist */,
			);
			path = YZXPieGraphViewUITests;
			sourceTree = "<group>";
		};
		BD2859BE1E0CFDC2002169E0 /* YZXPieGraphView */ = {
			isa = PBXGroup;
			children = (
				BD2859BF1E0CFDC2002169E0 /* YZXPieGraphView.h */,
				BD2859C01E0CFDC2002169E0 /* YZXPieGraphView.m */,
			);
			path = YZXPieGraphView;
			sourceTree = "<group>";
		};
		BD5819D71E03844100B91776 /* IQKeyboardManager */ = {
			isa = PBXGroup;
			children = (
				BD5819D81E03844100B91776 /* Categories */,
				BD5819E51E03844100B91776 /* Constants */,
				BD5819E81E03844100B91776 /* IQKeyboardManager.h */,
				BD5819E91E03844100B91776 /* IQKeyboardManager.m */,
				BD5819EA1E03844100B91776 /* IQKeyboardReturnKeyHandler.h */,
				BD5819EB1E03844100B91776 /* IQKeyboardReturnKeyHandler.m */,
				BD5819EC1E03844100B91776 /* IQTextView */,
				BD5819EF1E03844100B91776 /* IQToolbar */,
				BD5819FA1E03844100B91776 /* Resources */,
			);
			path = IQKeyboardManager;
			sourceTree = "<group>";
		};
		BD5819D81E03844100B91776 /* Categories */ = {
			isa = PBXGroup;
			children = (
				BD5819D91E03844100B91776 /* IQNSArray+Sort.h */,
				BD5819DA1E03844100B91776 /* IQNSArray+Sort.m */,
				BD5819DB1E03844100B91776 /* IQUIScrollView+Additions.h */,
				BD5819DC1E03844100B91776 /* IQUIScrollView+Additions.m */,
				BD5819DD1E03844100B91776 /* IQUITextFieldView+Additions.h */,
				BD5819DE1E03844100B91776 /* IQUITextFieldView+Additions.m */,
				BD5819DF1E03844100B91776 /* IQUIView+Hierarchy.h */,
				BD5819E01E03844100B91776 /* IQUIView+Hierarchy.m */,
				BD5819E11E03844100B91776 /* IQUIViewController+Additions.h */,
				BD5819E21E03844100B91776 /* IQUIViewController+Additions.m */,
				BD5819E31E03844100B91776 /* IQUIWindow+Hierarchy.h */,
				BD5819E41E03844100B91776 /* IQUIWindow+Hierarchy.m */,
			);
			path = Categories;
			sourceTree = "<group>";
		};
		BD5819E51E03844100B91776 /* Constants */ = {
			isa = PBXGroup;
			children = (
				BD5819E61E03844100B91776 /* IQKeyboardManagerConstants.h */,
				BD5819E71E03844100B91776 /* IQKeyboardManagerConstantsInternal.h */,
			);
			path = Constants;
			sourceTree = "<group>";
		};
		BD5819EC1E03844100B91776 /* IQTextView */ = {
			isa = PBXGroup;
			children = (
				BD5819ED1E03844100B91776 /* IQTextView.h */,
				BD5819EE1E03844100B91776 /* IQTextView.m */,
			);
			path = IQTextView;
			sourceTree = "<group>";
		};
		BD5819EF1E03844100B91776 /* IQToolbar */ = {
			isa = PBXGroup;
			children = (
				BD5819F01E03844100B91776 /* IQBarButtonItem.h */,
				BD5819F11E03844100B91776 /* IQBarButtonItem.m */,
				BD5819F21E03844100B91776 /* IQPreviousNextView.h */,
				BD5819F31E03844100B91776 /* IQPreviousNextView.m */,
				BD5819F41E03844100B91776 /* IQTitleBarButtonItem.h */,
				BD5819F51E03844100B91776 /* IQTitleBarButtonItem.m */,
				BD5819F61E03844100B91776 /* IQToolbar.h */,
				BD5819F71E03844100B91776 /* IQToolbar.m */,
				BD5819F81E03844100B91776 /* IQUIView+IQKeyboardToolbar.h */,
				BD5819F91E03844100B91776 /* IQUIView+IQKeyboardToolbar.m */,
			);
			path = IQToolbar;
			sourceTree = "<group>";
		};
		BD5819FA1E03844100B91776 /* Resources */ = {
			isa = PBXGroup;
			children = (
				BD5819FB1E03844100B91776 /* IQKeyboardManager.bundle */,
			);
			path = Resources;
			sourceTree = "<group>";
		};
		BD581A0F1E03C27500B91776 /* MJExtension */ = {
			isa = PBXGroup;
			children = (
				BD581A101E03C27600B91776 /* MJExtension.h */,
				BD581A111E03C27600B91776 /* MJExtensionConst.h */,
				BD581A121E03C27600B91776 /* MJExtensionConst.m */,
				BD581A131E03C27600B91776 /* MJFoundation.h */,
				BD581A141E03C27600B91776 /* MJFoundation.m */,
				BD581A151E03C27600B91776 /* MJProperty.h */,
				BD581A161E03C27600B91776 /* MJProperty.m */,
				BD581A171E03C27600B91776 /* MJPropertyKey.h */,
				BD581A181E03C27600B91776 /* MJPropertyKey.m */,
				BD581A191E03C27600B91776 /* MJPropertyType.h */,
				BD581A1A1E03C27600B91776 /* MJPropertyType.m */,
				BD581A1B1E03C27600B91776 /* NSObject+MJClass.h */,
				BD581A1C1E03C27600B91776 /* NSObject+MJClass.m */,
				BD581A1D1E03C27600B91776 /* NSObject+MJCoding.h */,
				BD581A1E1E03C27600B91776 /* NSObject+MJCoding.m */,
				BD581A1F1E03C27600B91776 /* NSObject+MJKeyValue.h */,
				BD581A201E03C27600B91776 /* NSObject+MJKeyValue.m */,
				BD581A211E03C27600B91776 /* NSObject+MJProperty.h */,
				BD581A221E03C27600B91776 /* NSObject+MJProperty.m */,
				BD581A231E03C27600B91776 /* NSString+MJExtension.h */,
				BD581A241E03C27600B91776 /* NSString+MJExtension.m */,
			);
			path = MJExtension;
			sourceTree = "<group>";
		};
/* End PBXGroup section */

/* Begin PBXNativeTarget section */
		BD10C6511E02809000684E25 /* YZXPieGraphView */ = {
			isa = PBXNativeTarget;
			buildConfigurationList = BD10C67F1E02809100684E25 /* Build configuration list for PBXNativeTarget "YZXPieGraphView" */;
			buildPhases = (
				BD10C64E1E02809000684E25 /* Sources */,
				BD10C64F1E02809000684E25 /* Frameworks */,
				BD10C6501E02809000684E25 /* Resources */,
			);
			buildRules = (
			);
			dependencies = (
			);
			name = YZXPieGraphView;
			productName = YZXPieGraphView;
			productReference = BD10C6521E02809000684E25 /* YZXPieGraphView.app */;
			productType = "com.apple.product-type.application";
		};
		BD10C66A1E02809100684E25 /* YZXPieGraphViewTests */ = {
			isa = PBXNativeTarget;
			buildConfigurationList = BD10C6821E02809100684E25 /* Build configuration list for PBXNativeTarget "YZXPieGraphViewTests" */;
			buildPhases = (
				BD10C6671E02809100684E25 /* Sources */,
				BD10C6681E02809100684E25 /* Frameworks */,
				BD10C6691E02809100684E25 /* Resources */,
			);
			buildRules = (
			);
			dependencies = (
				BD10C66D1E02809100684E25 /* PBXTargetDependency */,
			);
			name = YZXPieGraphViewTests;
			productName = YZXPieGraphViewTests;
			productReference = BD10C66B1E02809100684E25 /* YZXPieGraphViewTests.xctest */;
			productType = "com.apple.product-type.bundle.unit-test";
		};
		BD10C6751E02809100684E25 /* YZXPieGraphViewUITests */ = {
			isa = PBXNativeTarget;
			buildConfigurationList = BD10C6851E02809100684E25 /* Build configuration list for PBXNativeTarget "YZXPieGraphViewUITests" */;
			buildPhases = (
				BD10C6721E02809100684E25 /* Sources */,
				BD10C6731E02809100684E25 /* Frameworks */,
				BD10C6741E02809100684E25 /* Resources */,
			);
			buildRules = (
			);
			dependencies = (
				BD10C6781E02809100684E25 /* PBXTargetDependency */,
			);
			name = YZXPieGraphViewUITests;
			productName = YZXPieGraphViewUITests;
			productReference = BD10C6761E02809100684E25 /* YZXPieGraphViewUITests.xctest */;
			productType = "com.apple.product-type.bundle.ui-testing";
		};
/* End PBXNativeTarget section */

/* Begin PBXProject section */
		BD10C64A1E02809000684E25 /* Project object */ = {
			isa = PBXProject;
			attributes = {
				LastUpgradeCheck = 0820;
				ORGANIZATIONNAME = yinixng;
				TargetAttributes = {
					BD10C6511E02809000684E25 = {
						CreatedOnToolsVersion = 8.2;
						DevelopmentTeam = 67FSYNPTAV;
						ProvisioningStyle = Automatic;
					};
					BD10C66A1E02809100684E25 = {
						CreatedOnToolsVersion = 8.2;
						ProvisioningStyle = Automatic;
						TestTargetID = BD10C6511E02809000684E25;
					};
					BD10C6751E02809100684E25 = {
						CreatedOnToolsVersion = 8.2;
						ProvisioningStyle = Automatic;
						TestTargetID = BD10C6511E02809000684E25;
					};
				};
			};
			buildConfigurationList = BD10C64D1E02809000684E25 /* Build configuration list for PBXProject "YZXPieGraphView" */;
			compatibilityVersion = "Xcode 3.2";
			developmentRegion = English;
			hasScannedForEncodings = 0;
			knownRegions = (
				en,
				Base,
				es,
			);
			mainGroup = BD10C6491E02809000684E25;
			productRefGroup = BD10C6531E02809000684E25 /* Products */;
			projectDirPath = "";
			projectRoot = "";
			targets = (
				BD10C6511E02809000684E25 /* YZXPieGraphView */,
				BD10C66A1E02809100684E25 /* YZXPieGraphViewTests */,
				BD10C6751E02809100684E25 /* YZXPieGraphViewUITests */,
			);
		};
/* End PBXProject section */

/* Begin PBXResourcesBuildPhase section */
		BD10C6501E02809000684E25 /* Resources */ = {
			isa = PBXResourcesBuildPhase;
			buildActionMask = 2147483647;
			files = (
				BDF9B7B81E14E151005FD6B4 /* ViewController.xib in Resources */,
				BD5817DA1E037FFC00B91776 /* ShowTableViewCell.xib in Resources */,
				BD10C6651E02809100684E25 /* LaunchScreen.storyboard in Resources */,
				BD581A0A1E03844100B91776 /* IQKeyboardManager.bundle in Resources */,
				BD10C6621E02809000684E25 /* Assets.xcassets in Resources */,
			);
			runOnlyForDeploymentPostprocessing = 0;
		};
		BD10C6691E02809100684E25 /* Resources */ = {
			isa = PBXResourcesBuildPhase;
			buildActionMask = 2147483647;
			files = (
			);
			runOnlyForDeploymentPostprocessing = 0;
		};
		BD10C6741E02809100684E25 /* Resources */ = {
			isa = PBXResourcesBuildPhase;
			buildActionMask = 2147483647;
			files = (
			);
			runOnlyForDeploymentPostprocessing = 0;
		};
/* End PBXResourcesBuildPhase section */

/* Begin PBXSourcesBuildPhase section */
		BD10C64E1E02809000684E25 /* Sources */ = {
			isa = PBXSourcesBuildPhase;
			buildActionMask = 2147483647;
			files = (
				BD581A2B1E03C27600B91776 /* NSObject+MJCoding.m in Sources */,
				BD581A2A1E03C27600B91776 /* NSObject+MJClass.m in Sources */,
				BD2859C11E0CFDC2002169E0 /* YZXPieGraphView.m in Sources */,
				BD581A251E03C27600B91776 /* MJExtensionConst.m in Sources */,
				BD10C68D1E0284A200684E25 /* ShowViewController.m in Sources */,
				BD581A031E03844100B91776 /* IQKeyboardReturnKeyHandler.m in Sources */,
				BD5819FD1E03844100B91776 /* IQUIScrollView+Additions.m in Sources */,
				BD581A001E03844100B91776 /* IQUIViewController+Additions.m in Sources */,
				BD581A2D1E03C27600B91776 /* NSObject+MJProperty.m in Sources */,
				BD581A011E03844100B91776 /* IQUIWindow+Hierarchy.m in Sources */,
				BD10C65A1E02809000684E25 /* AppDelegate.m in Sources */,
				BD581A051E03844100B91776 /* IQBarButtonItem.m in Sources */,
				BD581A2E1E03C27600B91776 /* NSString+MJExtension.m in Sources */,
				BD581A261E03C27600B91776 /* MJFoundation.m in Sources */,
				BD5819FF1E03844100B91776 /* IQUIView+Hierarchy.m in Sources */,
				BD5819FC1E03844100B91776 /* IQNSArray+Sort.m in Sources */,
				BD10C6571E02809000684E25 /* main.m in Sources */,
				BD581A291E03C27600B91776 /* MJPropertyType.m in Sources */,
				BD581A0E1E03C1BC00B91776 /* DataModel.m in Sources */,
				BD581A091E03844100B91776 /* IQUIView+IQKeyboardToolbar.m in Sources */,
				BD5819FE1E03844100B91776 /* IQUITextFieldView+Additions.m in Sources */,
				BD581A021E03844100B91776 /* IQKeyboardManager.m in Sources */,
				BD581A081E03844100B91776 /* IQToolbar.m in Sources */,
				BD581A071E03844100B91776 /* IQTitleBarButtonItem.m in Sources */,
				BD581A271E03C27600B91776 /* MJProperty.m in Sources */,
				BD5817D81E037FF400B91776 /* ShowTableViewCell.m in Sources */,
				BD581A041E03844100B91776 /* IQTextView.m in Sources */,
				BD581A2C1E03C27600B91776 /* NSObject+MJKeyValue.m in Sources */,
				BD581A281E03C27600B91776 /* MJPropertyKey.m in Sources */,
				BD5817D51E037F2E00B91776 /* ViewController.m in Sources */,
				BD581A061E03844100B91776 /* IQPreviousNextView.m in Sources */,
			);
			runOnlyForDeploymentPostprocessing = 0;
		};
		BD10C6671E02809100684E25 /* Sources */ = {
			isa = PBXSourcesBuildPhase;
			buildActionMask = 2147483647;
			files = (
				BD10C6701E02809100684E25 /* YZXPieGraphViewTests.m in Sources */,
			);
			runOnlyForDeploymentPostprocessing = 0;
		};
		BD10C6721E02809100684E25 /* Sources */ = {
			isa = PBXSourcesBuildPhase;
			buildActionMask = 2147483647;
			files = (
				BD10C67B1E02809100684E25 /* YZXPieGraphViewUITests.m in Sources */,
			);
			runOnlyForDeploymentPostprocessing = 0;
		};
/* End PBXSourcesBuildPhase section */

/* Begin PBXTargetDependency section */
		BD10C66D1E02809100684E25 /* PBXTargetDependency */ = {
			isa = PBXTargetDependency;
			target = BD10C6511E02809000684E25 /* YZXPieGraphView */;
			targetProxy = BD10C66C1E02809100684E25 /* PBXContainerItemProxy */;
		};
		BD10C6781E02809100684E25 /* PBXTargetDependency */ = {
			isa = PBXTargetDependency;
			target = BD10C6511E02809000684E25 /* YZXPieGraphView */;
			targetProxy = BD10C6771E02809100684E25 /* PBXContainerItemProxy */;
		};
/* End PBXTargetDependency section */

/* Begin PBXVariantGroup section */
		BD10C6631E02809100684E25 /* LaunchScreen.storyboard */ = {
			isa = PBXVariantGroup;
			children = (
				BD10C6641E02809100684E25 /* Base */,
			);
			name = LaunchScreen.storyboard;
			sourceTree = "<group>";
		};
/* End PBXVariantGroup section */

/* Begin XCBuildConfiguration section */
		BD10C67D1E02809100684E25 /* Debug */ = {
			isa = XCBuildConfiguration;
			buildSettings = {
				ALWAYS_SEARCH_USER_PATHS = NO;
				CLANG_ANALYZER_NONNULL = YES;
				CLANG_CXX_LANGUAGE_STANDARD = "gnu++0x";
				CLANG_CXX_LIBRARY = "libc++";
				CLANG_ENABLE_MODULES = YES;
				CLANG_ENABLE_OBJC_ARC = YES;
				CLANG_WARN_BOOL_CONVERSION = YES;
				CLANG_WARN_CONSTANT_CONVERSION = YES;
				CLANG_WARN_DIRECT_OBJC_ISA_USAGE = YES_ERROR;
				CLANG_WARN_DOCUMENTATION_COMMENTS = YES;
				CLANG_WARN_EMPTY_BODY = YES;
				CLANG_WARN_ENUM_CONVERSION = YES;
				CLANG_WARN_INFINITE_RECURSION = YES;
				CLANG_WARN_INT_CONVERSION = YES;
				CLANG_WARN_OBJC_ROOT_CLASS = YES_ERROR;
				CLANG_WARN_SUSPICIOUS_MOVE = YES;
				CLANG_WARN_UNREACHABLE_CODE = YES;
				CLANG_WARN__DUPLICATE_METHOD_MATCH = YES;
				"CODE_SIGN_IDENTITY[sdk=iphoneos*]" = "iPhone Developer";
				COPY_PHASE_STRIP = NO;
				DEBUG_INFORMATION_FORMAT = dwarf;
				ENABLE_STRICT_OBJC_MSGSEND = YES;
				ENABLE_TESTABILITY = YES;
				GCC_C_LANGUAGE_STANDARD = gnu99;
				GCC_DYNAMIC_NO_PIC = NO;
				GCC_NO_COMMON_BLOCKS = YES;
				GCC_OPTIMIZATION_LEVEL = 0;
				GCC_PREPROCESSOR_DEFINITIONS = (
					"DEBUG=1",
					"$(inherited)",
				);
				GCC_WARN_64_TO_32_BIT_CONVERSION = YES;
				GCC_WARN_ABOUT_RETURN_TYPE = YES_ERROR;
				GCC_WARN_UNDECLARED_SELECTOR = YES;
				GCC_WARN_UNINITIALIZED_AUTOS = YES_AGGRESSIVE;
				GCC_WARN_UNUSED_FUNCTION = YES;
				GCC_WARN_UNUSED_VARIABLE = YES;
				IPHONEOS_DEPLOYMENT_TARGET = 10.2;
				MTL_ENABLE_DEBUG_INFO = YES;
				ONLY_ACTIVE_ARCH = YES;
				SDKROOT = iphoneos;
			};
			name = Debug;
		};
		BD10C67E1E02809100684E25 /* Release */ = {
			isa = XCBuildConfiguration;
			buildSettings = {
				ALWAYS_SEARCH_USER_PATHS = NO;
				CLANG_ANALYZER_NONNULL = YES;
				CLANG_CXX_LANGUAGE_STANDARD = "gnu++0x";
				CLANG_CXX_LIBRARY = "libc++";
				CLANG_ENABLE_MODULES = YES;
				CLANG_ENABLE_OBJC_ARC = YES;
				CLANG_WARN_BOOL_CONVERSION = YES;
				CLANG_WARN_CONSTANT_CONVERSION = YES;
				CLANG_WARN_DIRECT_OBJC_ISA_USAGE = YES_ERROR;
				CLANG_WARN_DOCUMENTATION_COMMENTS = YES;
				CLANG_WARN_EMPTY_BODY = YES;
				CLANG_WARN_ENUM_CONVERSION = YES;
				CLANG_WARN_INFINITE_RECURSION = YES;
				CLANG_WARN_INT_CONVERSION = YES;
				CLANG_WARN_OBJC_ROOT_CLASS = YES_ERROR;
				CLANG_WARN_SUSPICIOUS_MOVE = YES;
				CLANG_WARN_UNREACHABLE_CODE = YES;
				CLANG_WARN__DUPLICATE_METHOD_MATCH = YES;
				"CODE_SIGN_IDENTITY[sdk=iphoneos*]" = "iPhone Developer";
				COPY_PHASE_STRIP = NO;
				DEBUG_INFORMATION_FORMAT = "dwarf-with-dsym";
				ENABLE_NS_ASSERTIONS = NO;
				ENABLE_STRICT_OBJC_MSGSEND = YES;
				GCC_C_LANGUAGE_STANDARD = gnu99;
				GCC_NO_COMMON_BLOCKS = YES;
				GCC_WARN_64_TO_32_BIT_CONVERSION = YES;
				GCC_WARN_ABOUT_RETURN_TYPE = YES_ERROR;
				GCC_WARN_UNDECLARED_SELECTOR = YES;
				GCC_WARN_UNINITIALIZED_AUTOS = YES_AGGRESSIVE;
				GCC_WARN_UNUSED_FUNCTION = YES;
				GCC_WARN_UNUSED_VARIABLE = YES;
				IPHONEOS_DEPLOYMENT_TARGET = 10.2;
				MTL_ENABLE_DEBUG_INFO = NO;
				SDKROOT = iphoneos;
				VALIDATE_PRODUCT = YES;
			};
			name = Release;
		};
		BD10C6801E02809100684E25 /* Debug */ = {
			isa = XCBuildConfiguration;
			buildSettings = {
				ASSETCATALOG_COMPILER_APPICON_NAME = AppIcon;
				DEVELOPMENT_TEAM = 67FSYNPTAV;
				INFOPLIST_FILE = YZXPieGraphView/Info.plist;
				IPHONEOS_DEPLOYMENT_TARGET = 10.0;
				LD_RUNPATH_SEARCH_PATHS = "$(inherited) @executable_path/Frameworks";
				PRODUCT_BUNDLE_IDENTIFIER = yx.YZXPieGraphView;
				PRODUCT_NAME = "$(TARGET_NAME)";
			};
			name = Debug;
		};
		BD10C6811E02809100684E25 /* Release */ = {
			isa = XCBuildConfiguration;
			buildSettings = {
				ASSETCATALOG_COMPILER_APPICON_NAME = AppIcon;
				DEVELOPMENT_TEAM = 67FSYNPTAV;
				INFOPLIST_FILE = YZXPieGraphView/Info.plist;
				IPHONEOS_DEPLOYMENT_TARGET = 10.0;
				LD_RUNPATH_SEARCH_PATHS = "$(inherited) @executable_path/Frameworks";
				PRODUCT_BUNDLE_IDENTIFIER = yx.YZXPieGraphView;
				PRODUCT_NAME = "$(TARGET_NAME)";
			};
			name = Release;
		};
		BD10C6831E02809100684E25 /* Debug */ = {
			isa = XCBuildConfiguration;
			buildSettings = {
				BUNDLE_LOADER = "$(TEST_HOST)";
				INFOPLIST_FILE = YZXPieGraphViewTests/Info.plist;
				LD_RUNPATH_SEARCH_PATHS = "$(inherited) @executable_path/Frameworks @loader_path/Frameworks";
				PRODUCT_BUNDLE_IDENTIFIER = yx.YZXPieGraphViewTests;
				PRODUCT_NAME = "$(TARGET_NAME)";
				TEST_HOST = "$(BUILT_PRODUCTS_DIR)/YZXPieGraphView.app/YZXPieGraphView";
			};
			name = Debug;
		};
		BD10C6841E02809100684E25 /* Release */ = {
			isa = XCBuildConfiguration;
			buildSettings = {
				BUNDLE_LOADER = "$(TEST_HOST)";
				INFOPLIST_FILE = YZXPieGraphViewTests/Info.plist;
				LD_RUNPATH_SEARCH_PATHS = "$(inherited) @executable_path/Frameworks @loader_path/Frameworks";
				PRODUCT_BUNDLE_IDENTIFIER = yx.YZXPieGraphViewTests;
				PRODUCT_NAME = "$(TARGET_NAME)";
				TEST_HOST = "$(BUILT_PRODUCTS_DIR)/YZXPieGraphView.app/YZXPieGraphView";
			};
			name = Release;
		};
		BD10C6861E02809100684E25 /* Debug */ = {
			isa = XCBuildConfiguration;
			buildSettings = {
				INFOPLIST_FILE = YZXPieGraphViewUITests/Info.plist;
				LD_RUNPATH_SEARCH_PATHS = "$(inherited) @executable_path/Frameworks @loader_path/Frameworks";
				PRODUCT_BUNDLE_IDENTIFIER = yx.YZXPieGraphViewUITests;
				PRODUCT_NAME = "$(TARGET_NAME)";
				TEST_TARGET_NAME = YZXPieGraphView;
			};
			name = Debug;
		};
		BD10C6871E02809100684E25 /* Release */ = {
			isa = XCBuildConfiguration;
			buildSettings = {
				INFOPLIST_FILE = YZXPieGraphViewUITests/Info.plist;
				LD_RUNPATH_SEARCH_PATHS = "$(inherited) @executable_path/Frameworks @loader_path/Frameworks";
				PRODUCT_BUNDLE_IDENTIFIER = yx.YZXPieGraphViewUITests;
				PRODUCT_NAME = "$(TARGET_NAME)";
				TEST_TARGET_NAME = YZXPieGraphView;
			};
			name = Release;
		};
/* End XCBuildConfiguration section */

/* Begin XCConfigurationList section */
		BD10C64D1E02809000684E25 /* Build configuration list for PBXProject "YZXPieGraphView" */ = {
			isa = XCConfigurationList;
			buildConfigurations = (
				BD10C67D1E02809100684E25 /* Debug */,
				BD10C67E1E02809100684E25 /* Release */,
			);
			defaultConfigurationIsVisible = 0;
			defaultConfigurationName = Release;
		};
		BD10C67F1E02809100684E25 /* Build configuration list for PBXNativeTarget "YZXPieGraphView" */ = {
			isa = XCConfigurationList;
			buildConfigurations = (
				BD10C6801E02809100684E25 /* Debug */,
				BD10C6811E02809100684E25 /* Release */,
			);
			defaultConfigurationIsVisible = 0;
			defaultConfigurationName = Release;
		};
		BD10C6821E02809100684E25 /* Build configuration list for PBXNativeTarget "YZXPieGraphViewTests" */ = {
			isa = XCConfigurationList;
			buildConfigurations = (
				BD10C6831E02809100684E25 /* Debug */,
				BD10C6841E02809100684E25 /* Release */,
			);
			defaultConfigurationIsVisible = 0;
			defaultConfigurationName = Release;
		};
		BD10C6851E02809100684E25 /* Build configuration list for PBXNativeTarget "YZXPieGraphViewUITests" */ = {
			isa = XCConfigurationList;
			buildConfigurations = (
				BD10C6861E02809100684E25 /* Debug */,
				BD10C6871E02809100684E25 /* Release */,
			);
			defaultConfigurationIsVisible = 0;
			defaultConfigurationName = Release;
		};
/* End XCConfigurationList section */
	};
	rootObject = BD10C64A1E02809000684E25 /* Project object */;
}
